PODS:
  - AHKNavigationController (1.3)
  - Alamofire (5.2.1)
  - CenteredCollectionView (2.2.2)
  - Kingfisher (5.14.0):
    - Kingfisher/Core (= 5.14.0)
  - Kingfisher/Core (5.14.0)
  - LGButton (1.1.6)
  - Moya (14.0.0):
    - Moya/Core (= 14.0.0)
  - Moya/Core (14.0.0):
    - Alamofire (~> 5.0)

DEPENDENCIES:
  - AHKNavigationController
  - CenteredCollectionView
  - Kingfisher
  - LGButton
  - Moya

SPEC REPOS:
  trunk:
    - AHKNavigationController
    - Alamofire
    - CenteredCollectionView
    - Kingfisher
    - LGButton
    - Moya

SPEC CHECKSUMS:
  AHKNavigationController: 3b8d5177e1a9c6dde5d16964b97781dea88457bf
  Alamofire: e911732990610fe89af59ac0077f923d72dc3dfd
  CenteredCollectionView: a9217908a698c386cbb98af11b596da48900b908
  Kingfisher: 7b64389a43139c903ec434788344c288217c792d
  LGButton: 9f0a7f9d3030e3f504108342f6b66d64a429371b
  Moya: 5b45dacb75adb009f97fde91c204c1e565d31916

PODFILE CHECKSUM: 0e4a5bf27db5bf78b881825b3a1c87fa08732f5a

COCOAPODS: 1.9.3
