// !$*UTF8*$!
{
	archiveVersion = 1;
	classes = {
	};
	objectVersion = 50;
	objects = {

/* Begin PBXBuildFile section */
		ED12BF0D24F111CF003F55FD /* AppDelegate.swift in Sources */ = {isa = PBXBuildFile; fileRef = ED12BF0C24F111CF003F55FD /* AppDelegate.swift */; };
		ED12BF0F24F111CF003F55FD /* SceneDelegate.swift in Sources */ = {isa = PBXBuildFile; fileRef = ED12BF0E24F111CF003F55FD /* SceneDelegate.swift */; };
		ED12BF1124F111CF003F55FD /* ViewController.swift in Sources */ = {isa = PBXBuildFile; fileRef = ED12BF1024F111CF003F55FD /* ViewController.swift */; };
		ED12BF1424F111CF003F55FD /* Main.storyboard in Resources */ = {isa = PBXBuildFile; fileRef = ED12BF1224F111CF003F55FD /* Main.storyboard */; };
		ED12BF1624F111D7003F55FD /* Assets.xcassets in Resources */ = {isa = PBXBuildFile; fileRef = ED12BF1524F111D7003F55FD /* Assets.xcassets */; };
		ED12BF1924F111D7003F55FD /* LaunchScreen.storyboard in Resources */ = {isa = PBXBuildFile; fileRef = ED12BF1724F111D7003F55FD /* LaunchScreen.storyboard */; };
/* End PBXBuildFile section */

/* Begin PBXFileReference section */
		ED12BF0924F111CF003F55FD /* pfksochi.app */ = {isa = PBXFileReference; explicitFileType = wrapper.application; includeInIndex = 0; path = pfksochi.app; sourceTree = BUILT_PRODUCTS_DIR; };
		ED12BF0C24F111CF003F55FD /* AppDelegate.swift */ = {isa = PBXFileReference; lastKnownFileType = sourcecode.swift; path = AppDelegate.swift; sourceTree = "<group>"; };
		ED12BF0E24F111CF003F55FD /* SceneDelegate.swift */ = {isa = PBXFileReference; lastKnownFileType = sourcecode.swift; path = SceneDelegate.swift; sourceTree = "<group>"; };
		ED12BF1024F111CF003F55FD /* ViewController.swift */ = {isa = PBXFileReference; lastKnownFileType = sourcecode.swift; path = ViewController.swift; sourceTree = "<group>"; };
		ED12BF1324F111CF003F55FD /* Base */ = {isa = PBXFileReference; lastKnownFileType = file.storyboard; name = Base; path = Base.lproj/Main.storyboard; sourceTree = "<group>"; };
		ED12BF1524F111D7003F55FD /* Assets.xcassets */ = {isa = PBXFileReference; lastKnownFileType = folder.assetcatalog; path = Assets.xcassets; sourceTree = "<group>"; };
		ED12BF1824F111D7003F55FD /* Base */ = {isa = PBXFileReference; lastKnownFileType = file.storyboard; name = Base; path = Base.lproj/LaunchScreen.storyboard; sourceTree = "<group>"; };
		ED12BF1A24F111D7003F55FD /* Info.plist */ = {isa = PBXFileReference; lastKnownFileType = text.plist.xml; path = Info.plist; sourceTree = "<group>"; };
/* End PBXFileReference section */

/* Begin PBXFrameworksBuildPhase section */
		ED12BF0624F111CF003F55FD /* Frameworks */ = {
			isa = PBXFrameworksBuildPhase;
			buildActionMask = 2147483647;
			files = (
			);
			runOnlyForDeploymentPostprocessing = 0;
		};
/* End PBXFrameworksBuildPhase section */

/* Begin PBXGroup section */
		ED12BF0024F111CF003F55FD = {
			isa = PBXGroup;
			children = (
				ED12BF0B24F111CF003F55FD /* pfksochi */,
				ED12BF0A24F111CF003F55FD /* Products */,
			);
			sourceTree = "<group>";
		};
		ED12BF0A24F111CF003F55FD /* Products */ = {
			isa = PBXGroup;
			children = (
				ED12BF0924F111CF003F55FD /* pfksochi.app */,
			);
			name = Products;
			sourceTree = "<group>";
		};
		ED12BF0B24F111CF003F55FD /* pfksochi */ = {
			isa = PBXGroup;
			children = (
				ED12BF0C24F111CF003F55FD /* AppDelegate.swift */,
				ED12BF0E24F111CF003F55FD /* SceneDelegate.swift */,
				ED12BF1024F111CF003F55FD /* ViewController.swift */,
				ED12BF1224F111CF003F55FD /* Main.storyboard */,
				ED12BF1524F111D7003F55FD /* Assets.xcassets */,
				ED12BF1724F111D7003F55FD /* LaunchScreen.storyboard */,
				ED12BF1A24F111D7003F55FD /* Info.plist */,
			);
			path = pfksochi;
			sourceTree = "<group>";
		};
/* End PBXGroup section */

/* Begin PBXNativeTarget section */
		ED12BF0824F111CF003F55FD /* pfksochi */ = {
			isa = PBXNativeTarget;
			buildConfigurationList = ED12BF1D24F111D7003F55FD /* Build configuration list for PBXNativeTarget "pfksochi" */;
			buildPhases = (
				ED12BF0524F111CF003F55FD /* Sources */,
				ED12BF0624F111CF003F55FD /* Frameworks */,
				ED12BF0724F111CF003F55FD /* Resources */,
			);
			buildRules = (
			);
			dependencies = (
			);
			name = pfksochi;
			productName = pfksochi;
			productReference = ED12BF0924F111CF003F55FD /* pfksochi.app */;
			productType = "com.apple.product-type.application";
		};
/* End PBXNativeTarget section */

/* Begin PBXProject section */
		ED12BF0124F111CF003F55FD /* Project object */ = {
			isa = PBXProject;
			attributes = {
				LastSwiftUpdateCheck = 1160;
				LastUpgradeCheck = 1160;
				ORGANIZATIONNAME = " kirill";
				TargetAttributes = {
					ED12BF0824F111CF003F55FD = {
						CreatedOnToolsVersion = 11.6;
					};
				};
			};
			buildConfigurationList = ED12BF0424F111CF003F55FD /* Build configuration list for PBXProject "pfksochi" */;
			compatibilityVersion = "Xcode 9.3";
			developmentRegion = en;
			hasScannedForEncodings = 0;
			knownRegions = (
				en,
				Base,
			);
			mainGroup = ED12BF0024F111CF003F55FD;
			productRefGroup = ED12BF0A24F111CF003F55FD /* Products */;
			projectDirPath = "";
			projectRoot = "";
			targets = (
				ED12BF0824F111CF003F55FD /* pfksochi */,
			);
		};
/* End PBXProject section */

/* Begin PBXResourcesBuildPhase section */
		ED12BF0724F111CF003F55FD /* Resources */ = {
			isa = PBXResourcesBuildPhase;
			buildActionMask = 2147483647;
			files = (
				ED12BF1924F111D7003F55FD /* LaunchScreen.storyboard in Resources */,
				ED12BF1624F111D7003F55FD /* Assets.xcassets in Resources */,
				ED12BF1424F111CF003F55FD /* Main.storyboard in Resources */,
			);
			runOnlyForDeploymentPostprocessing = 0;
		};
/* End PBXResourcesBuildPhase section */

/* Begin PBXSourcesBuildPhase section */
		ED12BF0524F111CF003F55FD /* Sources */ = {
			isa = PBXSourcesBuildPhase;
			buildActionMask = 2147483647;
			files = (
				ED12BF1124F111CF003F55FD /* ViewController.swift in Sources */,
				ED12BF0D24F111CF003F55FD /* AppDelegate.swift in Sources */,
				ED12BF0F24F111CF003F55FD /* SceneDelegate.swift in Sources */,
			);
			runOnlyForDeploymentPostprocessing = 0;
		};
/* End PBXSourcesBuildPhase section */

/* Begin PBXVariantGroup section */
		ED12BF1224F111CF003F55FD /* Main.storyboard */ = {
			isa = PBXVariantGroup;
			children = (
				ED12BF1324F111CF003F55FD /* Base */,
			);
			name = Main.storyboard;
			sourceTree = "<group>";
		};
		ED12BF1724F111D7003F55FD /* LaunchScreen.storyboard */ = {
			isa = PBXVariantGroup;
			children = (
				ED12BF1824F111D7003F55FD /* Base */,
			);
			name = LaunchScreen.storyboard;
			sourceTree = "<group>";
		};
/* End PBXVariantGroup section */

/* Begin XCBuildConfiguration section */
		ED12BF1B24F111D7003F55FD /* Debug */ = {
			isa = XCBuildConfiguration;
			buildSettings = {
				ALWAYS_SEARCH_USER_PATHS = NO;
				CLANG_ANALYZER_NONNULL = YES;
				CLANG_ANALYZER_NUMBER_OBJECT_CONVERSION = YES_AGGRESSIVE;
				CLANG_CXX_LANGUAGE_STANDARD = "gnu++14";
				CLANG_CXX_LIBRARY = "libc++";
				CLANG_ENABLE_MODULES = YES;
				CLANG_ENABLE_OBJC_ARC = YES;
				CLANG_ENABLE_OBJC_WEAK = YES;
				CLANG_WARN_BLOCK_CAPTURE_AUTORELEASING = YES;
				CLANG_WARN_BOOL_CONVERSION = YES;
				CLANG_WARN_COMMA = YES;
				CLANG_WARN_CONSTANT_CONVERSION = YES;
				CLANG_WARN_DEPRECATED_OBJC_IMPLEMENTATIONS = YES;
				CLANG_WARN_DIRECT_OBJC_ISA_USAGE = YES_ERROR;
				CLANG_WARN_DOCUMENTATION_COMMENTS = YES;
				CLANG_WARN_EMPTY_BODY = YES;
				CLANG_WARN_ENUM_CONVERSION = YES;
				CLANG_WARN_INFINITE_RECURSION = YES;
				CLANG_WARN_INT_CONVERSION = YES;
				CLANG_WARN_NON_LITERAL_NULL_CONVERSION = YES;
				CLANG_WARN_OBJC_IMPLICIT_RETAIN_SELF = YES;
				CLANG_WARN_OBJC_LITERAL_CONVERSION = YES;
				CLANG_WARN_OBJC_ROOT_CLASS = YES_ERROR;
				CLANG_WARN_RANGE_LOOP_ANALYSIS = YES;
				CLANG_WARN_STRICT_PROTOTYPES = YES;
				CLANG_WARN_SUSPICIOUS_MOVE = YES;
				CLANG_WARN_UNGUARDED_AVAILABILITY = YES_AGGRESSIVE;
				CLANG_WARN_UNREACHABLE_CODE = YES;
				CLANG_WARN__DUPLICATE_METHOD_MATCH = YES;
				COPY_PHASE_STRIP = NO;
				DEBUG_INFORMATION_FORMAT = dwarf;
				ENABLE_STRICT_OBJC_MSGSEND = YES;
				ENABLE_TESTABILITY = YES;
				GCC_C_LANGUAGE_STANDARD = gnu11;
				GCC_DYNAMIC_NO_PIC = NO;
				GCC_NO_COMMON_BLOCKS = YES;
				GCC_OPTIMIZATION_LEVEL = 0;
				GCC_PREPROCESSOR_DEFINITIONS = (
					"DEBUG=1",
					"$(inherited)",
				);
				GCC_WARN_64_TO_32_BIT_CONVERSION = YES;
				GCC_WARN_ABOUT_RETURN_TYPE = YES_ERROR;
				GCC_WARN_UNDECLARED_SELECTOR = YES;
				GCC_WARN_UNINITIALIZED_AUTOS = YES_AGGRESSIVE;
				GCC_WARN_UNUSED_FUNCTION = YES;
				GCC_WARN_UNUSED_VARIABLE = YES;
				IPHONEOS_DEPLOYMENT_TARGET = 13.6;
				MTL_ENABLE_DEBUG_INFO = INCLUDE_SOURCE;
				MTL_FAST_MATH = YES;
				ONLY_ACTIVE_ARCH = YES;
				SDKROOT = iphoneos;
				SWIFT_ACTIVE_COMPILATION_CONDITIONS = DEBUG;
				SWIFT_OPTIMIZATION_LEVEL = "-Onone";
			};
			name = Debug;
		};
		ED12BF1C24F111D7003F55FD /* Release */ = {
			isa = XCBuildConfiguration;
			buildSettings = {
				ALWAYS_SEARCH_USER_PATHS = NO;
				CLANG_ANALYZER_NONNULL = YES;
				CLANG_ANALYZER_NUMBER_OBJECT_CONVERSION = YES_AGGRESSIVE;
				CLANG_CXX_LANGUAGE_STANDARD = "gnu++14";
				CLANG_CXX_LIBRARY = "libc++";
				CLANG_ENABLE_MODULES = YES;
				CLANG_ENABLE_OBJC_ARC = YES;
				CLANG_ENABLE_OBJC_WEAK = YES;
				CLANG_WARN_BLOCK_CAPTURE_AUTORELEASING = YES;
				CLANG_WARN_BOOL_CONVERSION = YES;
				CLANG_WARN_COMMA = YES;
				CLANG_WARN_CONSTANT_CONVERSION = YES;
				CLANG_WARN_DEPRECATED_OBJC_IMPLEMENTATIONS = YES;
				CLANG_WARN_DIRECT_OBJC_ISA_USAGE = YES_ERROR;
				CLANG_WARN_DOCUMENTATION_COMMENTS = YES;
				CLANG_WARN_EMPTY_BODY = YES;
				CLANG_WARN_ENUM_CONVERSION = YES;
				CLANG_WARN_INFINITE_RECURSION = YES;
				CLANG_WARN_INT_CONVERSION = YES;
				CLANG_WARN_NON_LITERAL_NULL_CONVERSION = YES;
				CLANG_WARN_OBJC_IMPLICIT_RETAIN_SELF = YES;
				CLANG_WARN_OBJC_LITERAL_CONVERSION = YES;
				CLANG_WARN_OBJC_ROOT_CLASS = YES_ERROR;
				CLANG_WARN_RANGE_LOOP_ANALYSIS = YES;
				CLANG_WARN_STRICT_PROTOTYPES = YES;
				CLANG_WARN_SUSPICIOUS_MOVE = YES;
				CLANG_WARN_UNGUARDED_AVAILABILITY = YES_AGGRESSIVE;
				CLANG_WARN_UNREACHABLE_CODE = YES;
				CLANG_WARN__DUPLICATE_METHOD_MATCH = YES;
				COPY_PHASE_STRIP = NO;
				DEBUG_INFORMATION_FORMAT = "dwarf-with-dsym";
				ENABLE_NS_ASSERTIONS = NO;
				ENABLE_STRICT_OBJC_MSGSEND = YES;
				GCC_C_LANGUAGE_STANDARD = gnu11;
				GCC_NO_COMMON_BLOCKS = YES;
				GCC_WARN_64_TO_32_BIT_CONVERSION = YES;
				GCC_WARN_ABOUT_RETURN_TYPE = YES_ERROR;
				GCC_WARN_UNDECLARED_SELECTOR = YES;
				GCC_WARN_UNINITIALIZED_AUTOS = YES_AGGRESSIVE;
				GCC_WARN_UNUSED_FUNCTION = YES;
				GCC_WARN_UNUSED_VARIABLE = YES;
				IPHONEOS_DEPLOYMENT_TARGET = 13.6;
				MTL_ENABLE_DEBUG_INFO = NO;
				MTL_FAST_MATH = YES;
				SDKROOT = iphoneos;
				SWIFT_COMPILATION_MODE = wholemodule;
				SWIFT_OPTIMIZATION_LEVEL = "-O";
				VALIDATE_PRODUCT = YES;
			};
			name = Release;
		};
		ED12BF1E24F111D7003F55FD /* Debug */ = {
			isa = XCBuildConfiguration;
			buildSettings = {
				ASSETCATALOG_COMPILER_APPICON_NAME = AppIcon;
				CODE_SIGN_STYLE = Automatic;
				DEVELOPMENT_TEAM = 42GGM83K6D;
				INFOPLIST_FILE = pfksochi/Info.plist;
				LD_RUNPATH_SEARCH_PATHS = (
					"$(inherited)",
					"@executable_path/Frameworks",
				);
				PRODUCT_BUNDLE_IDENTIFIER = com.kirill.pfksochi;
				PRODUCT_NAME = "$(TARGET_NAME)";
				SWIFT_VERSION = 5.0;
				TARGETED_DEVICE_FAMILY = "1,2";
			};
			name = Debug;
		};
		ED12BF1F24F111D7003F55FD /* Release */ = {
			isa = XCBuildConfiguration;
			buildSettings = {
				ASSETCATALOG_COMPILER_APPICON_NAME = AppIcon;
				CODE_SIGN_STYLE = Automatic;
				DEVELOPMENT_TEAM = 42GGM83K6D;
				INFOPLIST_FILE = pfksochi/Info.plist;
				LD_RUNPATH_SEARCH_PATHS = (
					"$(inherited)",
					"@executable_path/Frameworks",
				);
				PRODUCT_BUNDLE_IDENTIFIER = com.kirill.pfksochi;
				PRODUCT_NAME = "$(TARGET_NAME)";
				SWIFT_VERSION = 5.0;
				TARGETED_DEVICE_FAMILY = "1,2";
			};
			name = Release;
		};
/* End XCBuildConfiguration section */

/* Begin XCConfigurationList section */
		ED12BF0424F111CF003F55FD /* Build configuration list for PBXProject "pfksochi" */ = {
			isa = XCConfigurationList;
			buildConfigurations = (
				ED12BF1B24F111D7003F55FD /* Debug */,
				ED12BF1C24F111D7003F55FD /* Release */,
			);
			defaultConfigurationIsVisible = 0;
			defaultConfigurationName = Release;
		};
		ED12BF1D24F111D7003F55FD /* Build configuration list for PBXNativeTarget "pfksochi" */ = {
			isa = XCConfigurationList;
			buildConfigurations = (
				ED12BF1E24F111D7003F55FD /* Debug */,
				ED12BF1F24F111D7003F55FD /* Release */,
			);
			defaultConfigurationIsVisible = 0;
			defaultConfigurationName = Release;
		};
/* End XCConfigurationList section */
	};
	rootObject = ED12BF0124F111CF003F55FD /* Project object */;
}
